// !$*UTF8*$!
{
	archiveVersion = 1;
	classes = {
	};
	objectVersion = 50;
	objects = {

/* Begin PBXBuildFile section */
		C328362B23315D46003A46F1 /* AppDelegate.swift in Sources */ = {isa = PBXBuildFile; fileRef = C328362A23315D46003A46F1 /* AppDelegate.swift */; };
		C328363323315D46003A46F1 /* AppleRSSTest.xcdatamodeld in Sources */ = {isa = PBXBuildFile; fileRef = C328363123315D46003A46F1 /* AppleRSSTest.xcdatamodeld */; };
		C328363523315D47003A46F1 /* Assets.xcassets in Resources */ = {isa = PBXBuildFile; fileRef = C328363423315D47003A46F1 /* Assets.xcassets */; };
		C328363823315D47003A46F1 /* LaunchScreen.storyboard in Resources */ = {isa = PBXBuildFile; fileRef = C328363623315D47003A46F1 /* LaunchScreen.storyboard */; };
		C328364323315D47003A46F1 /* AppleRSSTestTests.swift in Sources */ = {isa = PBXBuildFile; fileRef = C328364223315D47003A46F1 /* AppleRSSTestTests.swift */; };
		C328364E23315D47003A46F1 /* AppleRSSTestUITests.swift in Sources */ = {isa = PBXBuildFile; fileRef = C328364D23315D47003A46F1 /* AppleRSSTestUITests.swift */; };
		C328366223319111003A46F1 /* Album.swift in Sources */ = {isa = PBXBuildFile; fileRef = C328366123319111003A46F1 /* Album.swift */; };
		C32836732331A2A6003A46F1 /* Service.swift in Sources */ = {isa = PBXBuildFile; fileRef = C32836722331A2A6003A46F1 /* Service.swift */; };
		C32836782331AB8E003A46F1 /* Feed.swift in Sources */ = {isa = PBXBuildFile; fileRef = C32836772331AB8E003A46F1 /* Feed.swift */; };
		C328367A2331ABA1003A46F1 /* Author.swift in Sources */ = {isa = PBXBuildFile; fileRef = C32836792331ABA1003A46F1 /* Author.swift */; };
		C3D972202332ACFD0080D732 /* FeedDataSource.swift in Sources */ = {isa = PBXBuildFile; fileRef = C3D9721F2332ACFD0080D732 /* FeedDataSource.swift */; };
		C3D972232332AF5F0080D732 /* AlbumTableViewCell.swift in Sources */ = {isa = PBXBuildFile; fileRef = C3D972222332AF5F0080D732 /* AlbumTableViewCell.swift */; };
		C3D972262332BFDE0080D732 /* AlbumsFeedTableViewController.swift in Sources */ = {isa = PBXBuildFile; fileRef = C3D972252332BFDE0080D732 /* AlbumsFeedTableViewController.swift */; };
		C3ED164F23334DB600890464 /* FeedResponse.swift in Sources */ = {isa = PBXBuildFile; fileRef = C3ED164E23334DB600890464 /* FeedResponse.swift */; };
		C3ED165123334FC400890464 /* Genres.swift in Sources */ = {isa = PBXBuildFile; fileRef = C3ED165023334FC400890464 /* Genres.swift */; };
		C3ED1654233356FF00890464 /* UIImageView+Extensions.swift in Sources */ = {isa = PBXBuildFile; fileRef = C3ED1653233356FF00890464 /* UIImageView+Extensions.swift */; };
		C3ED16572333616000890464 /* AlbumsFeedViewModel.swift in Sources */ = {isa = PBXBuildFile; fileRef = C3ED16562333616000890464 /* AlbumsFeedViewModel.swift */; };
		C3ED16592333672000890464 /* AlbumDetailViewController.swift in Sources */ = {isa = PBXBuildFile; fileRef = C3ED16582333672000890464 /* AlbumDetailViewController.swift */; };
		C3ED165B2333676500890464 /* AlbumDetailViewModel.swift in Sources */ = {isa = PBXBuildFile; fileRef = C3ED165A2333676500890464 /* AlbumDetailViewModel.swift */; };
		C3ED165D23336D7900890464 /* AlbumDetailView.swift in Sources */ = {isa = PBXBuildFile; fileRef = C3ED165C23336D7900890464 /* AlbumDetailView.swift */; };
		C3ED165F23337AA800890464 /* UIView+Extensions.swift in Sources */ = {isa = PBXBuildFile; fileRef = C3ED165E23337AA800890464 /* UIView+Extensions.swift */; };
/* End PBXBuildFile section */

/* Begin PBXContainerItemProxy section */
		C328363F23315D47003A46F1 /* PBXContainerItemProxy */ = {
			isa = PBXContainerItemProxy;
			containerPortal = C328361F23315D46003A46F1 /* Project object */;
			proxyType = 1;
			remoteGlobalIDString = C328362623315D46003A46F1;
			remoteInfo = AppleRSSTest;
		};
		C328364A23315D47003A46F1 /* PBXContainerItemProxy */ = {
			isa = PBXContainerItemProxy;
			containerPortal = C328361F23315D46003A46F1 /* Project object */;
			proxyType = 1;
			remoteGlobalIDString = C328362623315D46003A46F1;
			remoteInfo = AppleRSSTest;
		};
/* End PBXContainerItemProxy section */

/* Begin PBXFileReference section */
		C328362723315D46003A46F1 /* AppleRSSTest.app */ = {isa = PBXFileReference; explicitFileType = wrapper.application; includeInIndex = 0; path = AppleRSSTest.app; sourceTree = BUILT_PRODUCTS_DIR; };
		C328362A23315D46003A46F1 /* AppDelegate.swift */ = {isa = PBXFileReference; lastKnownFileType = sourcecode.swift; path = AppDelegate.swift; sourceTree = "<group>"; };
		C328363223315D46003A46F1 /* AppleRSSTest.xcdatamodel */ = {isa = PBXFileReference; lastKnownFileType = wrapper.xcdatamodel; path = AppleRSSTest.xcdatamodel; sourceTree = "<group>"; };
		C328363423315D47003A46F1 /* Assets.xcassets */ = {isa = PBXFileReference; lastKnownFileType = folder.assetcatalog; path = Assets.xcassets; sourceTree = "<group>"; };
		C328363723315D47003A46F1 /* Base */ = {isa = PBXFileReference; lastKnownFileType = file.storyboard; name = Base; path = Base.lproj/LaunchScreen.storyboard; sourceTree = "<group>"; };
		C328363923315D47003A46F1 /* Info.plist */ = {isa = PBXFileReference; lastKnownFileType = text.plist.xml; path = Info.plist; sourceTree = "<group>"; };
		C328363E23315D47003A46F1 /* AppleRSSTestTests.xctest */ = {isa = PBXFileReference; explicitFileType = wrapper.cfbundle; includeInIndex = 0; path = AppleRSSTestTests.xctest; sourceTree = BUILT_PRODUCTS_DIR; };
		C328364223315D47003A46F1 /* AppleRSSTestTests.swift */ = {isa = PBXFileReference; lastKnownFileType = sourcecode.swift; path = AppleRSSTestTests.swift; sourceTree = "<group>"; };
		C328364423315D47003A46F1 /* Info.plist */ = {isa = PBXFileReference; lastKnownFileType = text.plist.xml; path = Info.plist; sourceTree = "<group>"; };
		C328364923315D47003A46F1 /* AppleRSSTestUITests.xctest */ = {isa = PBXFileReference; explicitFileType = wrapper.cfbundle; includeInIndex = 0; path = AppleRSSTestUITests.xctest; sourceTree = BUILT_PRODUCTS_DIR; };
		C328364D23315D47003A46F1 /* AppleRSSTestUITests.swift */ = {isa = PBXFileReference; lastKnownFileType = sourcecode.swift; path = AppleRSSTestUITests.swift; sourceTree = "<group>"; };
		C328364F23315D47003A46F1 /* Info.plist */ = {isa = PBXFileReference; lastKnownFileType = text.plist.xml; path = Info.plist; sourceTree = "<group>"; };
		C328366123319111003A46F1 /* Album.swift */ = {isa = PBXFileReference; lastKnownFileType = sourcecode.swift; path = Album.swift; sourceTree = "<group>"; };
		C32836722331A2A6003A46F1 /* Service.swift */ = {isa = PBXFileReference; lastKnownFileType = sourcecode.swift; path = Service.swift; sourceTree = "<group>"; };
		C32836772331AB8E003A46F1 /* Feed.swift */ = {isa = PBXFileReference; lastKnownFileType = sourcecode.swift; path = Feed.swift; sourceTree = "<group>"; };
		C32836792331ABA1003A46F1 /* Author.swift */ = {isa = PBXFileReference; lastKnownFileType = sourcecode.swift; path = Author.swift; sourceTree = "<group>"; };
		C3D9721F2332ACFD0080D732 /* FeedDataSource.swift */ = {isa = PBXFileReference; lastKnownFileType = sourcecode.swift; path = FeedDataSource.swift; sourceTree = "<group>"; };
		C3D972222332AF5F0080D732 /* AlbumTableViewCell.swift */ = {isa = PBXFileReference; lastKnownFileType = sourcecode.swift; path = AlbumTableViewCell.swift; sourceTree = "<group>"; };
		C3D972252332BFDE0080D732 /* AlbumsFeedTableViewController.swift */ = {isa = PBXFileReference; lastKnownFileType = sourcecode.swift; path = AlbumsFeedTableViewController.swift; sourceTree = "<group>"; };
		C3ED164E23334DB600890464 /* FeedResponse.swift */ = {isa = PBXFileReference; lastKnownFileType = sourcecode.swift; path = FeedResponse.swift; sourceTree = "<group>"; };
		C3ED165023334FC400890464 /* Genres.swift */ = {isa = PBXFileReference; lastKnownFileType = sourcecode.swift; path = Genres.swift; sourceTree = "<group>"; };
		C3ED1653233356FF00890464 /* UIImageView+Extensions.swift */ = {isa = PBXFileReference; lastKnownFileType = sourcecode.swift; path = "UIImageView+Extensions.swift"; sourceTree = "<group>"; };
		C3ED16562333616000890464 /* AlbumsFeedViewModel.swift */ = {isa = PBXFileReference; lastKnownFileType = sourcecode.swift; path = AlbumsFeedViewModel.swift; sourceTree = "<group>"; };
		C3ED16582333672000890464 /* AlbumDetailViewController.swift */ = {isa = PBXFileReference; lastKnownFileType = sourcecode.swift; path = AlbumDetailViewController.swift; sourceTree = "<group>"; };
		C3ED165A2333676500890464 /* AlbumDetailViewModel.swift */ = {isa = PBXFileReference; lastKnownFileType = sourcecode.swift; path = AlbumDetailViewModel.swift; sourceTree = "<group>"; };
		C3ED165C23336D7900890464 /* AlbumDetailView.swift */ = {isa = PBXFileReference; lastKnownFileType = sourcecode.swift; path = AlbumDetailView.swift; sourceTree = "<group>"; };
		C3ED165E23337AA800890464 /* UIView+Extensions.swift */ = {isa = PBXFileReference; lastKnownFileType = sourcecode.swift; path = "UIView+Extensions.swift"; sourceTree = "<group>"; };
/* End PBXFileReference section */

/* Begin PBXFrameworksBuildPhase section */
		C328362423315D46003A46F1 /* Frameworks */ = {
			isa = PBXFrameworksBuildPhase;
			buildActionMask = 2147483647;
			files = (
			);
			runOnlyForDeploymentPostprocessing = 0;
		};
		C328363B23315D47003A46F1 /* Frameworks */ = {
			isa = PBXFrameworksBuildPhase;
			buildActionMask = 2147483647;
			files = (
			);
			runOnlyForDeploymentPostprocessing = 0;
		};
		C328364623315D47003A46F1 /* Frameworks */ = {
			isa = PBXFrameworksBuildPhase;
			buildActionMask = 2147483647;
			files = (
			);
			runOnlyForDeploymentPostprocessing = 0;
		};
/* End PBXFrameworksBuildPhase section */

/* Begin PBXGroup section */
		C328361E23315D46003A46F1 = {
			isa = PBXGroup;
			children = (
				C328362923315D46003A46F1 /* AppleRSSTest */,
				C328364123315D47003A46F1 /* AppleRSSTestTests */,
				C328364C23315D47003A46F1 /* AppleRSSTestUITests */,
				C328362823315D46003A46F1 /* Products */,
			);
			sourceTree = "<group>";
		};
		C328362823315D46003A46F1 /* Products */ = {
			isa = PBXGroup;
			children = (
				C328362723315D46003A46F1 /* AppleRSSTest.app */,
				C328363E23315D47003A46F1 /* AppleRSSTestTests.xctest */,
				C328364923315D47003A46F1 /* AppleRSSTestUITests.xctest */,
			);
			name = Products;
			sourceTree = "<group>";
		};
		C328362923315D46003A46F1 /* AppleRSSTest */ = {
			isa = PBXGroup;
			children = (
				C3ED1652233356E700890464 /* Extensions */,
				C32836712331A28D003A46F1 /* Service */,
				C328365B23318FDE003A46F1 /* Model */,
				C3D972242332BE110080D732 /* View */,
				C3ED16552333614500890464 /* ViewModel */,
				C3D972252332BFDE0080D732 /* AlbumsFeedTableViewController.swift */,
				C3ED16582333672000890464 /* AlbumDetailViewController.swift */,
				C328363423315D47003A46F1 /* Assets.xcassets */,
				C328362A23315D46003A46F1 /* AppDelegate.swift */,
				C328363623315D47003A46F1 /* LaunchScreen.storyboard */,
				C328363923315D47003A46F1 /* Info.plist */,
				C328363123315D46003A46F1 /* AppleRSSTest.xcdatamodeld */,
			);
			path = AppleRSSTest;
			sourceTree = "<group>";
		};
		C328364123315D47003A46F1 /* AppleRSSTestTests */ = {
			isa = PBXGroup;
			children = (
				C328364223315D47003A46F1 /* AppleRSSTestTests.swift */,
				C328364423315D47003A46F1 /* Info.plist */,
			);
			path = AppleRSSTestTests;
			sourceTree = "<group>";
		};
		C328364C23315D47003A46F1 /* AppleRSSTestUITests */ = {
			isa = PBXGroup;
			children = (
				C328364D23315D47003A46F1 /* AppleRSSTestUITests.swift */,
				C328364F23315D47003A46F1 /* Info.plist */,
			);
			path = AppleRSSTestUITests;
			sourceTree = "<group>";
		};
		C328365B23318FDE003A46F1 /* Model */ = {
			isa = PBXGroup;
			children = (
				C3ED164E23334DB600890464 /* FeedResponse.swift */,
				C32836772331AB8E003A46F1 /* Feed.swift */,
				C328366123319111003A46F1 /* Album.swift */,
				C32836792331ABA1003A46F1 /* Author.swift */,
				C3ED165023334FC400890464 /* Genres.swift */,
			);
			path = Model;
			sourceTree = "<group>";
		};
		C32836712331A28D003A46F1 /* Service */ = {
			isa = PBXGroup;
			children = (
				C32836722331A2A6003A46F1 /* Service.swift */,
			);
			path = Service;
			sourceTree = "<group>";
		};
		C3D972242332BE110080D732 /* View */ = {
			isa = PBXGroup;
			children = (
				C3D972222332AF5F0080D732 /* AlbumTableViewCell.swift */,
				C3ED165C23336D7900890464 /* AlbumDetailView.swift */,
			);
			path = View;
			sourceTree = "<group>";
		};
		C3ED1652233356E700890464 /* Extensions */ = {
			isa = PBXGroup;
			children = (
				C3ED1653233356FF00890464 /* UIImageView+Extensions.swift */,
				C3ED165E23337AA800890464 /* UIView+Extensions.swift */,
			);
			path = Extensions;
			sourceTree = "<group>";
		};
		C3ED16552333614500890464 /* ViewModel */ = {
			isa = PBXGroup;
			children = (
				C3D9721F2332ACFD0080D732 /* FeedDataSource.swift */,
				C3ED16562333616000890464 /* AlbumsFeedViewModel.swift */,
				C3ED165A2333676500890464 /* AlbumDetailViewModel.swift */,
			);
			path = ViewModel;
			sourceTree = "<group>";
		};
/* End PBXGroup section */

/* Begin PBXNativeTarget section */
		C328362623315D46003A46F1 /* AppleRSSTest */ = {
			isa = PBXNativeTarget;
			buildConfigurationList = C328365223315D47003A46F1 /* Build configuration list for PBXNativeTarget "AppleRSSTest" */;
			buildPhases = (
				C328362323315D46003A46F1 /* Sources */,
				C328362423315D46003A46F1 /* Frameworks */,
				C328362523315D46003A46F1 /* Resources */,
			);
			buildRules = (
			);
			dependencies = (
			);
			name = AppleRSSTest;
			productName = AppleRSSTest;
			productReference = C328362723315D46003A46F1 /* AppleRSSTest.app */;
			productType = "com.apple.product-type.application";
		};
		C328363D23315D47003A46F1 /* AppleRSSTestTests */ = {
			isa = PBXNativeTarget;
			buildConfigurationList = C328365523315D47003A46F1 /* Build configuration list for PBXNativeTarget "AppleRSSTestTests" */;
			buildPhases = (
				C328363A23315D47003A46F1 /* Sources */,
				C328363B23315D47003A46F1 /* Frameworks */,
				C328363C23315D47003A46F1 /* Resources */,
			);
			buildRules = (
			);
			dependencies = (
				C328364023315D47003A46F1 /* PBXTargetDependency */,
			);
			name = AppleRSSTestTests;
			productName = AppleRSSTestTests;
			productReference = C328363E23315D47003A46F1 /* AppleRSSTestTests.xctest */;
			productType = "com.apple.product-type.bundle.unit-test";
		};
		C328364823315D47003A46F1 /* AppleRSSTestUITests */ = {
			isa = PBXNativeTarget;
			buildConfigurationList = C328365823315D47003A46F1 /* Build configuration list for PBXNativeTarget "AppleRSSTestUITests" */;
			buildPhases = (
				C328364523315D47003A46F1 /* Sources */,
				C328364623315D47003A46F1 /* Frameworks */,
				C328364723315D47003A46F1 /* Resources */,
			);
			buildRules = (
			);
			dependencies = (
				C328364B23315D47003A46F1 /* PBXTargetDependency */,
			);
			name = AppleRSSTestUITests;
			productName = AppleRSSTestUITests;
			productReference = C328364923315D47003A46F1 /* AppleRSSTestUITests.xctest */;
			productType = "com.apple.product-type.bundle.ui-testing";
		};
/* End PBXNativeTarget section */

/* Begin PBXProject section */
		C328361F23315D46003A46F1 /* Project object */ = {
			isa = PBXProject;
			attributes = {
				LastSwiftUpdateCheck = 1030;
				LastUpgradeCheck = 1030;
				ORGANIZATIONNAME = "Carlos Banos";
				TargetAttributes = {
					C328362623315D46003A46F1 = {
						CreatedOnToolsVersion = 10.3;
					};
					C328363D23315D47003A46F1 = {
						CreatedOnToolsVersion = 10.3;
						TestTargetID = C328362623315D46003A46F1;
					};
					C328364823315D47003A46F1 = {
						CreatedOnToolsVersion = 10.3;
						TestTargetID = C328362623315D46003A46F1;
					};
				};
			};
			buildConfigurationList = C328362223315D46003A46F1 /* Build configuration list for PBXProject "AppleRSSTest" */;
			compatibilityVersion = "Xcode 9.3";
			developmentRegion = en;
			hasScannedForEncodings = 0;
			knownRegions = (
				en,
				Base,
			);
			mainGroup = C328361E23315D46003A46F1;
			productRefGroup = C328362823315D46003A46F1 /* Products */;
			projectDirPath = "";
			projectRoot = "";
			targets = (
				C328362623315D46003A46F1 /* AppleRSSTest */,
				C328363D23315D47003A46F1 /* AppleRSSTestTests */,
				C328364823315D47003A46F1 /* AppleRSSTestUITests */,
			);
		};
/* End PBXProject section */

/* Begin PBXResourcesBuildPhase section */
		C328362523315D46003A46F1 /* Resources */ = {
			isa = PBXResourcesBuildPhase;
			buildActionMask = 2147483647;
			files = (
				C328363823315D47003A46F1 /* LaunchScreen.storyboard in Resources */,
				C328363523315D47003A46F1 /* Assets.xcassets in Resources */,
			);
			runOnlyForDeploymentPostprocessing = 0;
		};
		C328363C23315D47003A46F1 /* Resources */ = {
			isa = PBXResourcesBuildPhase;
			buildActionMask = 2147483647;
			files = (
			);
			runOnlyForDeploymentPostprocessing = 0;
		};
		C328364723315D47003A46F1 /* Resources */ = {
			isa = PBXResourcesBuildPhase;
			buildActionMask = 2147483647;
			files = (
			);
			runOnlyForDeploymentPostprocessing = 0;
		};
/* End PBXResourcesBuildPhase section */

/* Begin PBXSourcesBuildPhase section */
		C328362323315D46003A46F1 /* Sources */ = {
			isa = PBXSourcesBuildPhase;
			buildActionMask = 2147483647;
			files = (
				C3D972262332BFDE0080D732 /* AlbumsFeedTableViewController.swift in Sources */,
				C3D972202332ACFD0080D732 /* FeedDataSource.swift in Sources */,
				C32836782331AB8E003A46F1 /* Feed.swift in Sources */,
				C328362B23315D46003A46F1 /* AppDelegate.swift in Sources */,
				C3ED165123334FC400890464 /* Genres.swift in Sources */,
				C3ED164F23334DB600890464 /* FeedResponse.swift in Sources */,
				C3ED165F23337AA800890464 /* UIView+Extensions.swift in Sources */,
				C3ED1654233356FF00890464 /* UIImageView+Extensions.swift in Sources */,
				C328367A2331ABA1003A46F1 /* Author.swift in Sources */,
				C32836732331A2A6003A46F1 /* Service.swift in Sources */,
				C328363323315D46003A46F1 /* AppleRSSTest.xcdatamodeld in Sources */,
				C328366223319111003A46F1 /* Album.swift in Sources */,
				C3ED16592333672000890464 /* AlbumDetailViewController.swift in Sources */,
				C3ED16572333616000890464 /* AlbumsFeedViewModel.swift in Sources */,
				C3D972232332AF5F0080D732 /* AlbumTableViewCell.swift in Sources */,
				C3ED165B2333676500890464 /* AlbumDetailViewModel.swift in Sources */,
				C3ED165D23336D7900890464 /* AlbumDetailView.swift in Sources */,
			);
			runOnlyForDeploymentPostprocessing = 0;
		};
		C328363A23315D47003A46F1 /* Sources */ = {
			isa = PBXSourcesBuildPhase;
			buildActionMask = 2147483647;
			files = (
				C328364323315D47003A46F1 /* AppleRSSTestTests.swift in Sources */,
			);
			runOnlyForDeploymentPostprocessing = 0;
		};
		C328364523315D47003A46F1 /* Sources */ = {
			isa = PBXSourcesBuildPhase;
			buildActionMask = 2147483647;
			files = (
				C328364E23315D47003A46F1 /* AppleRSSTestUITests.swift in Sources */,
			);
			runOnlyForDeploymentPostprocessing = 0;
		};
/* End PBXSourcesBuildPhase section */

/* Begin PBXTargetDependency section */
		C328364023315D47003A46F1 /* PBXTargetDependency */ = {
			isa = PBXTargetDependency;
			target = C328362623315D46003A46F1 /* AppleRSSTest */;
			targetProxy = C328363F23315D47003A46F1 /* PBXContainerItemProxy */;
		};
		C328364B23315D47003A46F1 /* PBXTargetDependency */ = {
			isa = PBXTargetDependency;
			target = C328362623315D46003A46F1 /* AppleRSSTest */;
			targetProxy = C328364A23315D47003A46F1 /* PBXContainerItemProxy */;
		};
/* End PBXTargetDependency section */

/* Begin PBXVariantGroup section */
		C328363623315D47003A46F1 /* LaunchScreen.storyboard */ = {
			isa = PBXVariantGroup;
			children = (
				C328363723315D47003A46F1 /* Base */,
			);
			name = LaunchScreen.storyboard;
			sourceTree = "<group>";
		};
/* End PBXVariantGroup section */

/* Begin XCBuildConfiguration section */
		C328365023315D47003A46F1 /* Debug */ = {
			isa = XCBuildConfiguration;
			buildSettings = {
				ALWAYS_SEARCH_USER_PATHS = NO;
				CLANG_ANALYZER_NONNULL = YES;
				CLANG_ANALYZER_NUMBER_OBJECT_CONVERSION = YES_AGGRESSIVE;
				CLANG_CXX_LANGUAGE_STANDARD = "gnu++14";
				CLANG_CXX_LIBRARY = "libc++";
				CLANG_ENABLE_MODULES = YES;
				CLANG_ENABLE_OBJC_ARC = YES;
				CLANG_ENABLE_OBJC_WEAK = YES;
				CLANG_WARN_BLOCK_CAPTURE_AUTORELEASING = YES;
				CLANG_WARN_BOOL_CONVERSION = YES;
				CLANG_WARN_COMMA = YES;
				CLANG_WARN_CONSTANT_CONVERSION = YES;
				CLANG_WARN_DEPRECATED_OBJC_IMPLEMENTATIONS = YES;
				CLANG_WARN_DIRECT_OBJC_ISA_USAGE = YES_ERROR;
				CLANG_WARN_DOCUMENTATION_COMMENTS = YES;
				CLANG_WARN_EMPTY_BODY = YES;
				CLANG_WARN_ENUM_CONVERSION = YES;
				CLANG_WARN_INFINITE_RECURSION = YES;
				CLANG_WARN_INT_CONVERSION = YES;
				CLANG_WARN_NON_LITERAL_NULL_CONVERSION = YES;
				CLANG_WARN_OBJC_IMPLICIT_RETAIN_SELF = YES;
				CLANG_WARN_OBJC_LITERAL_CONVERSION = YES;
				CLANG_WARN_OBJC_ROOT_CLASS = YES_ERROR;
				CLANG_WARN_RANGE_LOOP_ANALYSIS = YES;
				CLANG_WARN_STRICT_PROTOTYPES = YES;
				CLANG_WARN_SUSPICIOUS_MOVE = YES;
				CLANG_WARN_UNGUARDED_AVAILABILITY = YES_AGGRESSIVE;
				CLANG_WARN_UNREACHABLE_CODE = YES;
				CLANG_WARN__DUPLICATE_METHOD_MATCH = YES;
				CODE_SIGN_IDENTITY = "iPhone Developer";
				COPY_PHASE_STRIP = NO;
				DEBUG_INFORMATION_FORMAT = dwarf;
				ENABLE_STRICT_OBJC_MSGSEND = YES;
				ENABLE_TESTABILITY = YES;
				GCC_C_LANGUAGE_STANDARD = gnu11;
				GCC_DYNAMIC_NO_PIC = NO;
				GCC_NO_COMMON_BLOCKS = YES;
				GCC_OPTIMIZATION_LEVEL = 0;
				GCC_PREPROCESSOR_DEFINITIONS = (
					"DEBUG=1",
					"$(inherited)",
				);
				GCC_WARN_64_TO_32_BIT_CONVERSION = YES;
				GCC_WARN_ABOUT_RETURN_TYPE = YES_ERROR;
				GCC_WARN_UNDECLARED_SELECTOR = YES;
				GCC_WARN_UNINITIALIZED_AUTOS = YES_AGGRESSIVE;
				GCC_WARN_UNUSED_FUNCTION = YES;
				GCC_WARN_UNUSED_VARIABLE = YES;
				IPHONEOS_DEPLOYMENT_TARGET = 12.4;
				MTL_ENABLE_DEBUG_INFO = INCLUDE_SOURCE;
				MTL_FAST_MATH = YES;
				ONLY_ACTIVE_ARCH = YES;
				SDKROOT = iphoneos;
				SWIFT_ACTIVE_COMPILATION_CONDITIONS = DEBUG;
				SWIFT_OPTIMIZATION_LEVEL = "-Onone";
			};
			name = Debug;
		};
		C328365123315D47003A46F1 /* Release */ = {
			isa = XCBuildConfiguration;
			buildSettings = {
				ALWAYS_SEARCH_USER_PATHS = NO;
				CLANG_ANALYZER_NONNULL = YES;
				CLANG_ANALYZER_NUMBER_OBJECT_CONVERSION = YES_AGGRESSIVE;
				CLANG_CXX_LANGUAGE_STANDARD = "gnu++14";
				CLANG_CXX_LIBRARY = "libc++";
				CLANG_ENABLE_MODULES = YES;
				CLANG_ENABLE_OBJC_ARC = YES;
				CLANG_ENABLE_OBJC_WEAK = YES;
				CLANG_WARN_BLOCK_CAPTURE_AUTORELEASING = YES;
				CLANG_WARN_BOOL_CONVERSION = YES;
				CLANG_WARN_COMMA = YES;
				CLANG_WARN_CONSTANT_CONVERSION = YES;
				CLANG_WARN_DEPRECATED_OBJC_IMPLEMENTATIONS = YES;
				CLANG_WARN_DIRECT_OBJC_ISA_USAGE = YES_ERROR;
				CLANG_WARN_DOCUMENTATION_COMMENTS = YES;
				CLANG_WARN_EMPTY_BODY = YES;
				CLANG_WARN_ENUM_CONVERSION = YES;
				CLANG_WARN_INFINITE_RECURSION = YES;
				CLANG_WARN_INT_CONVERSION = YES;
				CLANG_WARN_NON_LITERAL_NULL_CONVERSION = YES;
				CLANG_WARN_OBJC_IMPLICIT_RETAIN_SELF = YES;
				CLANG_WARN_OBJC_LITERAL_CONVERSION = YES;
				CLANG_WARN_OBJC_ROOT_CLASS = YES_ERROR;
				CLANG_WARN_RANGE_LOOP_ANALYSIS = YES;
				CLANG_WARN_STRICT_PROTOTYPES = YES;
				CLANG_WARN_SUSPICIOUS_MOVE = YES;
				CLANG_WARN_UNGUARDED_AVAILABILITY = YES_AGGRESSIVE;
				CLANG_WARN_UNREACHABLE_CODE = YES;
				CLANG_WARN__DUPLICATE_METHOD_MATCH = YES;
				CODE_SIGN_IDENTITY = "iPhone Developer";
				COPY_PHASE_STRIP = NO;
				DEBUG_INFORMATION_FORMAT = "dwarf-with-dsym";
				ENABLE_NS_ASSERTIONS = NO;
				ENABLE_STRICT_OBJC_MSGSEND = YES;
				GCC_C_LANGUAGE_STANDARD = gnu11;
				GCC_NO_COMMON_BLOCKS = YES;
				GCC_WARN_64_TO_32_BIT_CONVERSION = YES;
				GCC_WARN_ABOUT_RETURN_TYPE = YES_ERROR;
				GCC_WARN_UNDECLARED_SELECTOR = YES;
				GCC_WARN_UNINITIALIZED_AUTOS = YES_AGGRESSIVE;
				GCC_WARN_UNUSED_FUNCTION = YES;
				GCC_WARN_UNUSED_VARIABLE = YES;
				IPHONEOS_DEPLOYMENT_TARGET = 12.4;
				MTL_ENABLE_DEBUG_INFO = NO;
				MTL_FAST_MATH = YES;
				SDKROOT = iphoneos;
				SWIFT_COMPILATION_MODE = wholemodule;
				SWIFT_OPTIMIZATION_LEVEL = "-O";
				VALIDATE_PRODUCT = YES;
			};
			name = Release;
		};
		C328365323315D47003A46F1 /* Debug */ = {
			isa = XCBuildConfiguration;
			buildSettings = {
				ASSETCATALOG_COMPILER_APPICON_NAME = AppIcon;
				CODE_SIGN_STYLE = Automatic;
				DEVELOPMENT_TEAM = W4MERUEP35;
				INFOPLIST_FILE = AppleRSSTest/Info.plist;
				IPHONEOS_DEPLOYMENT_TARGET = 11.0;
				LD_RUNPATH_SEARCH_PATHS = (
					"$(inherited)",
					"@executable_path/Frameworks",
				);
				PRODUCT_BUNDLE_IDENTIFIER = com.carlosbanos.AppleRSSTest;
				PRODUCT_NAME = "$(TARGET_NAME)";
				SWIFT_VERSION = 5.0;
				TARGETED_DEVICE_FAMILY = "1,2";
			};
			name = Debug;
		};
		C328365423315D47003A46F1 /* Release */ = {
			isa = XCBuildConfiguration;
			buildSettings = {
				ASSETCATALOG_COMPILER_APPICON_NAME = AppIcon;
				CODE_SIGN_STYLE = Automatic;
				DEVELOPMENT_TEAM = W4MERUEP35;
				INFOPLIST_FILE = AppleRSSTest/Info.plist;
				IPHONEOS_DEPLOYMENT_TARGET = 11.0;
				LD_RUNPATH_SEARCH_PATHS = (
					"$(inherited)",
					"@executable_path/Frameworks",
				);
				PRODUCT_BUNDLE_IDENTIFIER = com.carlosbanos.AppleRSSTest;
				PRODUCT_NAME = "$(TARGET_NAME)";
				SWIFT_VERSION = 5.0;
				TARGETED_DEVICE_FAMILY = "1,2";
			};
			name = Release;
		};
		C328365623315D47003A46F1 /* Debug */ = {
			isa = XCBuildConfiguration;
			buildSettings = {
				ALWAYS_EMBED_SWIFT_STANDARD_LIBRARIES = YES;
				BUNDLE_LOADER = "$(TEST_HOST)";
				CODE_SIGN_STYLE = Automatic;
				DEVELOPMENT_TEAM = W4MERUEP35;
				INFOPLIST_FILE = AppleRSSTestTests/Info.plist;
				LD_RUNPATH_SEARCH_PATHS = (
					"$(inherited)",
					"@executable_path/Frameworks",
					"@loader_path/Frameworks",
				);
				PRODUCT_BUNDLE_IDENTIFIER = com.carlosbanos.AppleRSSTestTests;
				PRODUCT_NAME = "$(TARGET_NAME)";
				SWIFT_VERSION = 5.0;
				TARGETED_DEVICE_FAMILY = "1,2";
				TEST_HOST = "$(BUILT_PRODUCTS_DIR)/AppleRSSTest.app/AppleRSSTest";
			};
			name = Debug;
		};
		C328365723315D47003A46F1 /* Release */ = {
			isa = XCBuildConfiguration;
			buildSettings = {
				ALWAYS_EMBED_SWIFT_STANDARD_LIBRARIES = YES;
				BUNDLE_LOADER = "$(TEST_HOST)";
				CODE_SIGN_STYLE = Automatic;
				DEVELOPMENT_TEAM = W4MERUEP35;
				INFOPLIST_FILE = AppleRSSTestTests/Info.plist;
				LD_RUNPATH_SEARCH_PATHS = (
					"$(inherited)",
					"@executable_path/Frameworks",
					"@loader_path/Frameworks",
				);
				PRODUCT_BUNDLE_IDENTIFIER = com.carlosbanos.AppleRSSTestTests;
				PRODUCT_NAME = "$(TARGET_NAME)";
				SWIFT_VERSION = 5.0;
				TARGETED_DEVICE_FAMILY = "1,2";
				TEST_HOST = "$(BUILT_PRODUCTS_DIR)/AppleRSSTest.app/AppleRSSTest";
			};
			name = Release;
		};
		C328365923315D47003A46F1 /* Debug */ = {
			isa = XCBuildConfiguration;
			buildSettings = {
				ALWAYS_EMBED_SWIFT_STANDARD_LIBRARIES = YES;
				CODE_SIGN_STYLE = Automatic;
				DEVELOPMENT_TEAM = W4MERUEP35;
				INFOPLIST_FILE = AppleRSSTestUITests/Info.plist;
				LD_RUNPATH_SEARCH_PATHS = (
					"$(inherited)",
					"@executable_path/Frameworks",
					"@loader_path/Frameworks",
				);
				PRODUCT_BUNDLE_IDENTIFIER = com.carlosbanos.AppleRSSTestUITests;
				PRODUCT_NAME = "$(TARGET_NAME)";
				SWIFT_VERSION = 5.0;
				TARGETED_DEVICE_FAMILY = "1,2";
				TEST_TARGET_NAME = AppleRSSTest;
			};
			name = Debug;
		};
		C328365A23315D47003A46F1 /* Release */ = {
			isa = XCBuildConfiguration;
			buildSettings = {
				ALWAYS_EMBED_SWIFT_STANDARD_LIBRARIES = YES;
				CODE_SIGN_STYLE = Automatic;
				DEVELOPMENT_TEAM = W4MERUEP35;
				INFOPLIST_FILE = AppleRSSTestUITests/Info.plist;
				LD_RUNPATH_SEARCH_PATHS = (
					"$(inherited)",
					"@executable_path/Frameworks",
					"@loader_path/Frameworks",
				);
				PRODUCT_BUNDLE_IDENTIFIER = com.carlosbanos.AppleRSSTestUITests;
				PRODUCT_NAME = "$(TARGET_NAME)";
				SWIFT_VERSION = 5.0;
				TARGETED_DEVICE_FAMILY = "1,2";
				TEST_TARGET_NAME = AppleRSSTest;
			};
			name = Release;
		};
/* End XCBuildConfiguration section */

/* Begin XCConfigurationList section */
		C328362223315D46003A46F1 /* Build configuration list for PBXProject "AppleRSSTest" */ = {
			isa = XCConfigurationList;
			buildConfigurations = (
				C328365023315D47003A46F1 /* Debug */,
				C328365123315D47003A46F1 /* Release */,
			);
			defaultConfigurationIsVisible = 0;
			defaultConfigurationName = Release;
		};
		C328365223315D47003A46F1 /* Build configuration list for PBXNativeTarget "AppleRSSTest" */ = {
			isa = XCConfigurationList;
			buildConfigurations = (
				C328365323315D47003A46F1 /* Debug */,
				C328365423315D47003A46F1 /* Release */,
			);
			defaultConfigurationIsVisible = 0;
			defaultConfigurationName = Release;
		};
		C328365523315D47003A46F1 /* Build configuration list for PBXNativeTarget "AppleRSSTestTests" */ = {
			isa = XCConfigurationList;
			buildConfigurations = (
				C328365623315D47003A46F1 /* Debug */,
				C328365723315D47003A46F1 /* Release */,
			);
			defaultConfigurationIsVisible = 0;
			defaultConfigurationName = Release;
		};
		C328365823315D47003A46F1 /* Build configuration list for PBXNativeTarget "AppleRSSTestUITests" */ = {
			isa = XCConfigurationList;
			buildConfigurations = (
				C328365923315D47003A46F1 /* Debug */,
				C328365A23315D47003A46F1 /* Release */,
			);
			defaultConfigurationIsVisible = 0;
			defaultConfigurationName = Release;
		};
/* End XCConfigurationList section */

/* Begin XCVersionGroup section */
		C328363123315D46003A46F1 /* AppleRSSTest.xcdatamodeld */ = {
			isa = XCVersionGroup;
			children = (
				C328363223315D46003A46F1 /* AppleRSSTest.xcdatamodel */,
			);
			currentVersion = C328363223315D46003A46F1 /* AppleRSSTest.xcdatamodel */;
			path = AppleRSSTest.xcdatamodeld;
			sourceTree = "<group>";
			versionGroupType = wrapper.xcdatamodel;
		};
/* End XCVersionGroup section */
	};
	rootObject = C328361F23315D46003A46F1 /* Project object */;
}
